
Microsoft Visual Studio Solution File, Format Version 12.00
# Visual Studio Express 2012 for Windows Desktop
Project("{FAE04EC0-301F-11D3-BF4B-00C04F79EFBC}") = "snake", "snake\snake.csproj", "{C000D68F-4B92-40C6-9BC3-EC404EDF8116}"
EndProject
Global
	GlobalSection(SolutionConfigurationPlatforms) = preSolution
		Debug|Any CPU = Debug|Any CPU
		Release|Any CPU = Release|Any CPU
	EndGlobalSection
	GlobalSection(ProjectConfigurationPlatforms) = postSolution
		{C000D68F-4B92-40C6-9BC3-EC404EDF8116}.Debug|Any CPU.ActiveCfg = Debug|Any CPU
		{C000D68F-4B92-40C6-9BC3-EC404EDF8116}.Debug|Any CPU.Build.0 = Debug|Any CPU
		{C000D68F-4B92-40C6-9BC3-EC404EDF8116}.Release|Any CPU.ActiveCfg = Release|Any CPU
		{C000D68F-4B92-40C6-9BC3-EC404EDF8116}.Release|Any CPU.Build.0 = Release|Any CPU
	EndGlobalSection
	GlobalSection(SolutionProperties) = preSolution
		HideSolutionNode = FALSE
	EndGlobalSection
EndGlobal
